// !$*UTF8*$!
{
	archiveVersion = 1;
	classes = {
	};
	objectVersion = 46;
	objects = {

/* Begin PBXBuildFile section */
		913401C81E30E45C00BD4CBE /* MaxLengthTextField.swift in Sources */ = {isa = PBXBuildFile; fileRef = 913401C71E30E45C00BD4CBE /* MaxLengthTextField.swift */; };
		913401CA1E30E5C100BD4CBE /* AllowedCharsTextField.swift in Sources */ = {isa = PBXBuildFile; fileRef = 913401C91E30E5C100BD4CBE /* AllowedCharsTextField.swift */; };
		91FA78EF1E2B41F500644481 /* AppDelegate.swift in Sources */ = {isa = PBXBuildFile; fileRef = 91FA78EE1E2B41F500644481 /* AppDelegate.swift */; };
		91FA78F11E2B41F500644481 /* ViewController.swift in Sources */ = {isa = PBXBuildFile; fileRef = 91FA78F01E2B41F500644481 /* ViewController.swift */; };
		91FA78F41E2B41F600644481 /* Main.storyboard in Resources */ = {isa = PBXBuildFile; fileRef = 91FA78F21E2B41F600644481 /* Main.storyboard */; };
		91FA78F61E2B41F600644481 /* Assets.xcassets in Resources */ = {isa = PBXBuildFile; fileRef = 91FA78F51E2B41F600644481 /* Assets.xcassets */; };
		91FA78F91E2B41F600644481 /* LaunchScreen.storyboard in Resources */ = {isa = PBXBuildFile; fileRef = 91FA78F71E2B41F600644481 /* LaunchScreen.storyboard */; };
		91FA79041E2B41F600644481 /* calculator1Tests.swift in Sources */ = {isa = PBXBuildFile; fileRef = 91FA79031E2B41F600644481 /* calculator1Tests.swift */; };
		91FA790F1E2B41F600644481 /* calculator1UITests.swift in Sources */ = {isa = PBXBuildFile; fileRef = 91FA790E1E2B41F600644481 /* calculator1UITests.swift */; };
		91FA791D1E2E577300644481 /* SecondViewController.swift in Sources */ = {isa = PBXBuildFile; fileRef = 91FA791C1E2E577300644481 /* SecondViewController.swift */; };
/* End PBXBuildFile section */

/* Begin PBXContainerItemProxy section */
		91FA79001E2B41F600644481 /* PBXContainerItemProxy */ = {
			isa = PBXContainerItemProxy;
			containerPortal = 91FA78E31E2B41F500644481 /* Project object */;
			proxyType = 1;
			remoteGlobalIDString = 91FA78EA1E2B41F500644481;
			remoteInfo = calculator1;
		};
		91FA790B1E2B41F600644481 /* PBXContainerItemProxy */ = {
			isa = PBXContainerItemProxy;
			containerPortal = 91FA78E31E2B41F500644481 /* Project object */;
			proxyType = 1;
			remoteGlobalIDString = 91FA78EA1E2B41F500644481;
			remoteInfo = calculator1;
		};
/* End PBXContainerItemProxy section */

/* Begin PBXFileReference section */
		913401C71E30E45C00BD4CBE /* MaxLengthTextField.swift */ = {isa = PBXFileReference; fileEncoding = 4; lastKnownFileType = sourcecode.swift; path = MaxLengthTextField.swift; sourceTree = "<group>"; };
		913401C91E30E5C100BD4CBE /* AllowedCharsTextField.swift */ = {isa = PBXFileReference; fileEncoding = 4; lastKnownFileType = sourcecode.swift; path = AllowedCharsTextField.swift; sourceTree = "<group>"; };
		91FA78EB1E2B41F500644481 /* calculator1.app */ = {isa = PBXFileReference; explicitFileType = wrapper.application; includeInIndex = 0; path = calculator1.app; sourceTree = BUILT_PRODUCTS_DIR; };
		91FA78EE1E2B41F500644481 /* AppDelegate.swift */ = {isa = PBXFileReference; lastKnownFileType = sourcecode.swift; path = AppDelegate.swift; sourceTree = "<group>"; };
		91FA78F01E2B41F500644481 /* ViewController.swift */ = {isa = PBXFileReference; lastKnownFileType = sourcecode.swift; path = ViewController.swift; sourceTree = "<group>"; };
		91FA78F31E2B41F600644481 /* Base */ = {isa = PBXFileReference; lastKnownFileType = file.storyboard; name = Base; path = Base.lproj/Main.storyboard; sourceTree = "<group>"; };
		91FA78F51E2B41F600644481 /* Assets.xcassets */ = {isa = PBXFileReference; lastKnownFileType = folder.assetcatalog; path = Assets.xcassets; sourceTree = "<group>"; };
		91FA78F81E2B41F600644481 /* Base */ = {isa = PBXFileReference; lastKnownFileType = file.storyboard; name = Base; path = Base.lproj/LaunchScreen.storyboard; sourceTree = "<group>"; };
		91FA78FA1E2B41F600644481 /* Info.plist */ = {isa = PBXFileReference; lastKnownFileType = text.plist.xml; path = Info.plist; sourceTree = "<group>"; };
		91FA78FF1E2B41F600644481 /* calculator1Tests.xctest */ = {isa = PBXFileReference; explicitFileType = wrapper.cfbundle; includeInIndex = 0; path = calculator1Tests.xctest; sourceTree = BUILT_PRODUCTS_DIR; };
		91FA79031E2B41F600644481 /* calculator1Tests.swift */ = {isa = PBXFileReference; lastKnownFileType = sourcecode.swift; path = calculator1Tests.swift; sourceTree = "<group>"; };
		91FA79051E2B41F600644481 /* Info.plist */ = {isa = PBXFileReference; lastKnownFileType = text.plist.xml; path = Info.plist; sourceTree = "<group>"; };
		91FA790A1E2B41F600644481 /* calculator1UITests.xctest */ = {isa = PBXFileReference; explicitFileType = wrapper.cfbundle; includeInIndex = 0; path = calculator1UITests.xctest; sourceTree = BUILT_PRODUCTS_DIR; };
		91FA790E1E2B41F600644481 /* calculator1UITests.swift */ = {isa = PBXFileReference; lastKnownFileType = sourcecode.swift; path = calculator1UITests.swift; sourceTree = "<group>"; };
		91FA79101E2B41F600644481 /* Info.plist */ = {isa = PBXFileReference; lastKnownFileType = text.plist.xml; path = Info.plist; sourceTree = "<group>"; };
		91FA791C1E2E577300644481 /* SecondViewController.swift */ = {isa = PBXFileReference; fileEncoding = 4; lastKnownFileType = sourcecode.swift; path = SecondViewController.swift; sourceTree = "<group>"; };
/* End PBXFileReference section */

/* Begin PBXFrameworksBuildPhase section */
		91FA78E81E2B41F500644481 /* Frameworks */ = {
			isa = PBXFrameworksBuildPhase;
			buildActionMask = 2147483647;
			files = (
			);
			runOnlyForDeploymentPostprocessing = 0;
		};
		91FA78FC1E2B41F600644481 /* Frameworks */ = {
			isa = PBXFrameworksBuildPhase;
			buildActionMask = 2147483647;
			files = (
			);
			runOnlyForDeploymentPostprocessing = 0;
		};
		91FA79071E2B41F600644481 /* Frameworks */ = {
			isa = PBXFrameworksBuildPhase;
			buildActionMask = 2147483647;
			files = (
			);
			runOnlyForDeploymentPostprocessing = 0;
		};
/* End PBXFrameworksBuildPhase section */

/* Begin PBXGroup section */
		91FA78E21E2B41F500644481 = {
			isa = PBXGroup;
			children = (
				91FA78ED1E2B41F500644481 /* calculator1 */,
				91FA79021E2B41F600644481 /* calculator1Tests */,
				91FA790D1E2B41F600644481 /* calculator1UITests */,
				91FA78EC1E2B41F500644481 /* Products */,
			);
			sourceTree = "<group>";
		};
		91FA78EC1E2B41F500644481 /* Products */ = {
			isa = PBXGroup;
			children = (
				91FA78EB1E2B41F500644481 /* calculator1.app */,
				91FA78FF1E2B41F600644481 /* calculator1Tests.xctest */,
				91FA790A1E2B41F600644481 /* calculator1UITests.xctest */,
			);
			name = Products;
			sourceTree = "<group>";
		};
		91FA78ED1E2B41F500644481 /* calculator1 */ = {
			isa = PBXGroup;
			children = (
				91FA78EE1E2B41F500644481 /* AppDelegate.swift */,
				91FA78F01E2B41F500644481 /* ViewController.swift */,
				91FA78F21E2B41F600644481 /* Main.storyboard */,
				913401C71E30E45C00BD4CBE /* MaxLengthTextField.swift */,
				913401C91E30E5C100BD4CBE /* AllowedCharsTextField.swift */,
				91FA78F51E2B41F600644481 /* Assets.xcassets */,
				91FA78F71E2B41F600644481 /* LaunchScreen.storyboard */,
				91FA78FA1E2B41F600644481 /* Info.plist */,
				91FA791C1E2E577300644481 /* SecondViewController.swift */,
			);
			path = calculator1;
			sourceTree = "<group>";
		};
		91FA79021E2B41F600644481 /* calculator1Tests */ = {
			isa = PBXGroup;
			children = (
				91FA79031E2B41F600644481 /* calculator1Tests.swift */,
				91FA79051E2B41F600644481 /* Info.plist */,
			);
			path = calculator1Tests;
			sourceTree = "<group>";
		};
		91FA790D1E2B41F600644481 /* calculator1UITests */ = {
			isa = PBXGroup;
			children = (
				91FA790E1E2B41F600644481 /* calculator1UITests.swift */,
				91FA79101E2B41F600644481 /* Info.plist */,
			);
			path = calculator1UITests;
			sourceTree = "<group>";
		};
/* End PBXGroup section */

/* Begin PBXNativeTarget section */
		91FA78EA1E2B41F500644481 /* calculator1 */ = {
			isa = PBXNativeTarget;
			buildConfigurationList = 91FA79131E2B41F600644481 /* Build configuration list for PBXNativeTarget "calculator1" */;
			buildPhases = (
				91FA78E71E2B41F500644481 /* Sources */,
				91FA78E81E2B41F500644481 /* Frameworks */,
				91FA78E91E2B41F500644481 /* Resources */,
			);
			buildRules = (
			);
			dependencies = (
			);
			name = calculator1;
			productName = calculator1;
			productReference = 91FA78EB1E2B41F500644481 /* calculator1.app */;
			productType = "com.apple.product-type.application";
		};
		91FA78FE1E2B41F600644481 /* calculator1Tests */ = {
			isa = PBXNativeTarget;
			buildConfigurationList = 91FA79161E2B41F600644481 /* Build configuration list for PBXNativeTarget "calculator1Tests" */;
			buildPhases = (
				91FA78FB1E2B41F600644481 /* Sources */,
				91FA78FC1E2B41F600644481 /* Frameworks */,
				91FA78FD1E2B41F600644481 /* Resources */,
			);
			buildRules = (
			);
			dependencies = (
				91FA79011E2B41F600644481 /* PBXTargetDependency */,
			);
			name = calculator1Tests;
			productName = calculator1Tests;
			productReference = 91FA78FF1E2B41F600644481 /* calculator1Tests.xctest */;
			productType = "com.apple.product-type.bundle.unit-test";
		};
		91FA79091E2B41F600644481 /* calculator1UITests */ = {
			isa = PBXNativeTarget;
			buildConfigurationList = 91FA79191E2B41F600644481 /* Build configuration list for PBXNativeTarget "calculator1UITests" */;
			buildPhases = (
				91FA79061E2B41F600644481 /* Sources */,
				91FA79071E2B41F600644481 /* Frameworks */,
				91FA79081E2B41F600644481 /* Resources */,
			);
			buildRules = (
			);
			dependencies = (
				91FA790C1E2B41F600644481 /* PBXTargetDependency */,
			);
			name = calculator1UITests;
			productName = calculator1UITests;
			productReference = 91FA790A1E2B41F600644481 /* calculator1UITests.xctest */;
			productType = "com.apple.product-type.bundle.ui-testing";
		};
/* End PBXNativeTarget section */

/* Begin PBXProject section */
		91FA78E31E2B41F500644481 /* Project object */ = {
			isa = PBXProject;
			attributes = {
				LastSwiftUpdateCheck = 0820;
				LastUpgradeCheck = 0820;
				ORGANIZATIONNAME = xin;
				TargetAttributes = {
					91FA78EA1E2B41F500644481 = {
						CreatedOnToolsVersion = 8.2.1;
						ProvisioningStyle = Automatic;
					};
					91FA78FE1E2B41F600644481 = {
						CreatedOnToolsVersion = 8.2.1;
						ProvisioningStyle = Automatic;
						TestTargetID = 91FA78EA1E2B41F500644481;
					};
					91FA79091E2B41F600644481 = {
						CreatedOnToolsVersion = 8.2.1;
						ProvisioningStyle = Automatic;
						TestTargetID = 91FA78EA1E2B41F500644481;
					};
				};
			};
			buildConfigurationList = 91FA78E61E2B41F500644481 /* Build configuration list for PBXProject "calculator1" */;
			compatibilityVersion = "Xcode 3.2";
			developmentRegion = English;
			hasScannedForEncodings = 0;
			knownRegions = (
				en,
				Base,
			);
			mainGroup = 91FA78E21E2B41F500644481;
			productRefGroup = 91FA78EC1E2B41F500644481 /* Products */;
			projectDirPath = "";
			projectRoot = "";
			targets = (
				91FA78EA1E2B41F500644481 /* calculator1 */,
				91FA78FE1E2B41F600644481 /* calculator1Tests */,
				91FA79091E2B41F600644481 /* calculator1UITests */,
			);
		};
/* End PBXProject section */

/* Begin PBXResourcesBuildPhase section */
		91FA78E91E2B41F500644481 /* Resources */ = {
			isa = PBXResourcesBuildPhase;
			buildActionMask = 2147483647;
			files = (
				91FA78F91E2B41F600644481 /* LaunchScreen.storyboard in Resources */,
				91FA78F61E2B41F600644481 /* Assets.xcassets in Resources */,
				91FA78F41E2B41F600644481 /* Main.storyboard in Resources */,
			);
			runOnlyForDeploymentPostprocessing = 0;
		};
		91FA78FD1E2B41F600644481 /* Resources */ = {
			isa = PBXResourcesBuildPhase;
			buildActionMask = 2147483647;
			files = (
			);
			runOnlyForDeploymentPostprocessing = 0;
		};
		91FA79081E2B41F600644481 /* Resources */ = {
			isa = PBXResourcesBuildPhase;
			buildActionMask = 2147483647;
			files = (
			);
			runOnlyForDeploymentPostprocessing = 0;
		};
/* End PBXResourcesBuildPhase section */

/* Begin PBXSourcesBuildPhase section */
		91FA78E71E2B41F500644481 /* Sources */ = {
			isa = PBXSourcesBuildPhase;
			buildActionMask = 2147483647;
			files = (
				913401C81E30E45C00BD4CBE /* MaxLengthTextField.swift in Sources */,
				91FA791D1E2E577300644481 /* SecondViewController.swift in Sources */,
				91FA78F11E2B41F500644481 /* ViewController.swift in Sources */,
				913401CA1E30E5C100BD4CBE /* AllowedCharsTextField.swift in Sources */,
				91FA78EF1E2B41F500644481 /* AppDelegate.swift in Sources */,
			);
			runOnlyForDeploymentPostprocessing = 0;
		};
		91FA78FB1E2B41F600644481 /* Sources */ = {
			isa = PBXSourcesBuildPhase;
			buildActionMask = 2147483647;
			files = (
				91FA79041E2B41F600644481 /* calculator1Tests.swift in Sources */,
			);
			runOnlyForDeploymentPostprocessing = 0;
		};
		91FA79061E2B41F600644481 /* Sources */ = {
			isa = PBXSourcesBuildPhase;
			buildActionMask = 2147483647;
			files = (
				91FA790F1E2B41F600644481 /* calculator1UITests.swift in Sources */,
			);
			runOnlyForDeploymentPostprocessing = 0;
		};
/* End PBXSourcesBuildPhase section */

/* Begin PBXTargetDependency section */
		91FA79011E2B41F600644481 /* PBXTargetDependency */ = {
			isa = PBXTargetDependency;
			target = 91FA78EA1E2B41F500644481 /* calculator1 */;
			targetProxy = 91FA79001E2B41F600644481 /* PBXContainerItemProxy */;
		};
		91FA790C1E2B41F600644481 /* PBXTargetDependency */ = {
			isa = PBXTargetDependency;
			target = 91FA78EA1E2B41F500644481 /* calculator1 */;
			targetProxy = 91FA790B1E2B41F600644481 /* PBXContainerItemProxy */;
		};
/* End PBXTargetDependency section */

/* Begin PBXVariantGroup section */
		91FA78F21E2B41F600644481 /* Main.storyboard */ = {
			isa = PBXVariantGroup;
			children = (
				91FA78F31E2B41F600644481 /* Base */,
			);
			name = Main.storyboard;
			sourceTree = "<group>";
		};
		91FA78F71E2B41F600644481 /* LaunchScreen.storyboard */ = {
			isa = PBXVariantGroup;
			children = (
				91FA78F81E2B41F600644481 /* Base */,
			);
			name = LaunchScreen.storyboard;
			sourceTree = "<group>";
		};
/* End PBXVariantGroup section */

/* Begin XCBuildConfiguration section */
		91FA79111E2B41F600644481 /* Debug */ = {
			isa = XCBuildConfiguration;
			buildSettings = {
				ALWAYS_SEARCH_USER_PATHS = NO;
				CLANG_ANALYZER_NONNULL = YES;
				CLANG_CXX_LANGUAGE_STANDARD = "gnu++0x";
				CLANG_CXX_LIBRARY = "libc++";
				CLANG_ENABLE_MODULES = YES;
				CLANG_ENABLE_OBJC_ARC = YES;
				CLANG_WARN_BOOL_CONVERSION = YES;
				CLANG_WARN_CONSTANT_CONVERSION = YES;
				CLANG_WARN_DIRECT_OBJC_ISA_USAGE = YES_ERROR;
				CLANG_WARN_DOCUMENTATION_COMMENTS = YES;
				CLANG_WARN_EMPTY_BODY = YES;
				CLANG_WARN_ENUM_CONVERSION = YES;
				CLANG_WARN_INFINITE_RECURSION = YES;
				CLANG_WARN_INT_CONVERSION = YES;
				CLANG_WARN_OBJC_ROOT_CLASS = YES_ERROR;
				CLANG_WARN_SUSPICIOUS_MOVE = YES;
				CLANG_WARN_UNREACHABLE_CODE = YES;
				CLANG_WARN__DUPLICATE_METHOD_MATCH = YES;
				"CODE_SIGN_IDENTITY[sdk=iphoneos*]" = "iPhone Developer";
				COPY_PHASE_STRIP = NO;
				DEBUG_INFORMATION_FORMAT = dwarf;
				ENABLE_STRICT_OBJC_MSGSEND = YES;
				ENABLE_TESTABILITY = YES;
				GCC_C_LANGUAGE_STANDARD = gnu99;
				GCC_DYNAMIC_NO_PIC = NO;
				GCC_NO_COMMON_BLOCKS = YES;
				GCC_OPTIMIZATION_LEVEL = 0;
				GCC_PREPROCESSOR_DEFINITIONS = (
					"DEBUG=1",
					"$(inherited)",
				);
				GCC_WARN_64_TO_32_BIT_CONVERSION = YES;
				GCC_WARN_ABOUT_RETURN_TYPE = YES_ERROR;
				GCC_WARN_UNDECLARED_SELECTOR = YES;
				GCC_WARN_UNINITIALIZED_AUTOS = YES_AGGRESSIVE;
				GCC_WARN_UNUSED_FUNCTION = YES;
				GCC_WARN_UNUSED_VARIABLE = YES;
				IPHONEOS_DEPLOYMENT_TARGET = 10.2;
				MTL_ENABLE_DEBUG_INFO = YES;
				ONLY_ACTIVE_ARCH = YES;
				SDKROOT = iphoneos;
				SWIFT_ACTIVE_COMPILATION_CONDITIONS = DEBUG;
				SWIFT_OPTIMIZATION_LEVEL = "-Onone";
			};
			name = Debug;
		};
		91FA79121E2B41F600644481 /* Release */ = {
			isa = XCBuildConfiguration;
			buildSettings = {
				ALWAYS_SEARCH_USER_PATHS = NO;
				CLANG_ANALYZER_NONNULL = YES;
				CLANG_CXX_LANGUAGE_STANDARD = "gnu++0x";
				CLANG_CXX_LIBRARY = "libc++";
				CLANG_ENABLE_MODULES = YES;
				CLANG_ENABLE_OBJC_ARC = YES;
				CLANG_WARN_BOOL_CONVERSION = YES;
				CLANG_WARN_CONSTANT_CONVERSION = YES;
				CLANG_WARN_DIRECT_OBJC_ISA_USAGE = YES_ERROR;
				CLANG_WARN_DOCUMENTATION_COMMENTS = YES;
				CLANG_WARN_EMPTY_BODY = YES;
				CLANG_WARN_ENUM_CONVERSION = YES;
				CLANG_WARN_INFINITE_RECURSION = YES;
				CLANG_WARN_INT_CONVERSION = YES;
				CLANG_WARN_OBJC_ROOT_CLASS = YES_ERROR;
				CLANG_WARN_SUSPICIOUS_MOVE = YES;
				CLANG_WARN_UNREACHABLE_CODE = YES;
				CLANG_WARN__DUPLICATE_METHOD_MATCH = YES;
				"CODE_SIGN_IDENTITY[sdk=iphoneos*]" = "iPhone Developer";
				COPY_PHASE_STRIP = NO;
				DEBUG_INFORMATION_FORMAT = "dwarf-with-dsym";
				ENABLE_NS_ASSERTIONS = NO;
				ENABLE_STRICT_OBJC_MSGSEND = YES;
				GCC_C_LANGUAGE_STANDARD = gnu99;
				GCC_NO_COMMON_BLOCKS = YES;
				GCC_WARN_64_TO_32_BIT_CONVERSION = YES;
				GCC_WARN_ABOUT_RETURN_TYPE = YES_ERROR;
				GCC_WARN_UNDECLARED_SELECTOR = YES;
				GCC_WARN_UNINITIALIZED_AUTOS = YES_AGGRESSIVE;
				GCC_WARN_UNUSED_FUNCTION = YES;
				GCC_WARN_UNUSED_VARIABLE = YES;
				IPHONEOS_DEPLOYMENT_TARGET = 10.2;
				MTL_ENABLE_DEBUG_INFO = NO;
				SDKROOT = iphoneos;
				SWIFT_OPTIMIZATION_LEVEL = "-Owholemodule";
				VALIDATE_PRODUCT = YES;
			};
			name = Release;
		};
		91FA79141E2B41F600644481 /* Debug */ = {
			isa = XCBuildConfiguration;
			buildSettings = {
				ASSETCATALOG_COMPILER_APPICON_NAME = AppIcon;
				INFOPLIST_FILE = calculator1/Info.plist;
				LD_RUNPATH_SEARCH_PATHS = "$(inherited) @executable_path/Frameworks";
				PRODUCT_BUNDLE_IDENTIFIER = com.xin.calculator1;
				PRODUCT_NAME = "$(TARGET_NAME)";
				SWIFT_VERSION = 3.0;
			};
			name = Debug;
		};
		91FA79151E2B41F600644481 /* Release */ = {
			isa = XCBuildConfiguration;
			buildSettings = {
				ASSETCATALOG_COMPILER_APPICON_NAME = AppIcon;
				INFOPLIST_FILE = calculator1/Info.plist;
				LD_RUNPATH_SEARCH_PATHS = "$(inherited) @executable_path/Frameworks";
				PRODUCT_BUNDLE_IDENTIFIER = com.xin.calculator1;
				PRODUCT_NAME = "$(TARGET_NAME)";
				SWIFT_VERSION = 3.0;
			};
			name = Release;
		};
		91FA79171E2B41F600644481 /* Debug */ = {
			isa = XCBuildConfiguration;
			buildSettings = {
				ALWAYS_EMBED_SWIFT_STANDARD_LIBRARIES = YES;
				BUNDLE_LOADER = "$(TEST_HOST)";
				INFOPLIST_FILE = calculator1Tests/Info.plist;
				LD_RUNPATH_SEARCH_PATHS = "$(inherited) @executable_path/Frameworks @loader_path/Frameworks";
				PRODUCT_BUNDLE_IDENTIFIER = com.xin.calculator1Tests;
				PRODUCT_NAME = "$(TARGET_NAME)";
				SWIFT_VERSION = 3.0;
				TEST_HOST = "$(BUILT_PRODUCTS_DIR)/calculator1.app/calculator1";
			};
			name = Debug;
		};
		91FA79181E2B41F600644481 /* Release */ = {
			isa = XCBuildConfiguration;
			buildSettings = {
				ALWAYS_EMBED_SWIFT_STANDARD_LIBRARIES = YES;
				BUNDLE_LOADER = "$(TEST_HOST)";
				INFOPLIST_FILE = calculator1Tests/Info.plist;
				LD_RUNPATH_SEARCH_PATHS = "$(inherited) @executable_path/Frameworks @loader_path/Frameworks";
				PRODUCT_BUNDLE_IDENTIFIER = com.xin.calculator1Tests;
				PRODUCT_NAME = "$(TARGET_NAME)";
				SWIFT_VERSION = 3.0;
				TEST_HOST = "$(BUILT_PRODUCTS_DIR)/calculator1.app/calculator1";
			};
			name = Release;
		};
		91FA791A1E2B41F600644481 /* Debug */ = {
			isa = XCBuildConfiguration;
			buildSettings = {
				ALWAYS_EMBED_SWIFT_STANDARD_LIBRARIES = YES;
				INFOPLIST_FILE = calculator1UITests/Info.plist;
				LD_RUNPATH_SEARCH_PATHS = "$(inherited) @executable_path/Frameworks @loader_path/Frameworks";
				PRODUCT_BUNDLE_IDENTIFIER = com.xin.calculator1UITests;
				PRODUCT_NAME = "$(TARGET_NAME)";
				SWIFT_VERSION = 3.0;
				TEST_TARGET_NAME = calculator1;
			};
			name = Debug;
		};
		91FA791B1E2B41F600644481 /* Release */ = {
			isa = XCBuildConfiguration;
			buildSettings = {
				ALWAYS_EMBED_SWIFT_STANDARD_LIBRARIES = YES;
				INFOPLIST_FILE = calculator1UITests/Info.plist;
				LD_RUNPATH_SEARCH_PATHS = "$(inherited) @executable_path/Frameworks @loader_path/Frameworks";
				PRODUCT_BUNDLE_IDENTIFIER = com.xin.calculator1UITests;
				PRODUCT_NAME = "$(TARGET_NAME)";
				SWIFT_VERSION = 3.0;
				TEST_TARGET_NAME = calculator1;
			};
			name = Release;
		};
/* End XCBuildConfiguration section */

/* Begin XCConfigurationList section */
		91FA78E61E2B41F500644481 /* Build configuration list for PBXProject "calculator1" */ = {
			isa = XCConfigurationList;
			buildConfigurations = (
				91FA79111E2B41F600644481 /* Debug */,
				91FA79121E2B41F600644481 /* Release */,
			);
			defaultConfigurationIsVisible = 0;
			defaultConfigurationName = Release;
		};
		91FA79131E2B41F600644481 /* Build configuration list for PBXNativeTarget "calculator1" */ = {
			isa = XCConfigurationList;
			buildConfigurations = (
				91FA79141E2B41F600644481 /* Debug */,
				91FA79151E2B41F600644481 /* Release */,
			);
			defaultConfigurationIsVisible = 0;
			defaultConfigurationName = Release;
		};
		91FA79161E2B41F600644481 /* Build configuration list for PBXNativeTarget "calculator1Tests" */ = {
			isa = XCConfigurationList;
			buildConfigurations = (
				91FA79171E2B41F600644481 /* Debug */,
				91FA79181E2B41F600644481 /* Release */,
			);
			defaultConfigurationIsVisible = 0;
			defaultConfigurationName = Release;
		};
		91FA79191E2B41F600644481 /* Build configuration list for PBXNativeTarget "calculator1UITests" */ = {
			isa = XCConfigurationList;
			buildConfigurations = (
				91FA791A1E2B41F600644481 /* Debug */,
				91FA791B1E2B41F600644481 /* Release */,
			);
			defaultConfigurationIsVisible = 0;
			defaultConfigurationName = Release;
		};
/* End XCConfigurationList section */
	};
	rootObject = 91FA78E31E2B41F500644481 /* Project object */;
}
